
Microsoft Visual Studio Solution File, Format Version 12.00
Project("{FAE04EC0-301F-11D3-BF4B-00C04F79EFBC}") = "Sparky", "Sparky\Sparky.csproj", "{D5B6D353-9FDF-4C8D-B296-FC13CBAB533B}"
EndProject
Project("{FAE04EC0-301F-11D3-BF4B-00C04F79EFBC}") = "Sparky.Player", "Sparky.Player\Sparky.Player.csproj", "{FD259531-2730-43F9-AB87-D33DB45F1353}"
EndProject
Global
	GlobalSection(SolutionConfigurationPlatforms) = preSolution
		Debug|Any CPU = Debug|Any CPU
		Release|Any CPU = Release|Any CPU
	EndGlobalSection
	GlobalSection(ProjectConfigurationPlatforms) = postSolution
		{D5B6D353-9FDF-4C8D-B296-FC13CBAB533B}.Debug|Any CPU.ActiveCfg = Debug|Any CPU
		{D5B6D353-9FDF-4C8D-B296-FC13CBAB533B}.Debug|Any CPU.Build.0 = Debug|Any CPU
		{D5B6D353-9FDF-4C8D-B296-FC13CBAB533B}.Release|Any CPU.ActiveCfg = Release|Any CPU
		{D5B6D353-9FDF-4C8D-B296-FC13CBAB533B}.Release|Any CPU.Build.0 = Release|Any CPU
		{FD259531-2730-43F9-AB87-D33DB45F1353}.Debug|Any CPU.ActiveCfg = Debug|Any CPU
		{FD259531-2730-43F9-AB87-D33DB45F1353}.Debug|Any CPU.Build.0 = Debug|Any CPU
		{FD259531-2730-43F9-AB87-D33DB45F1353}.Release|Any CPU.ActiveCfg = Release|Any CPU
		{FD259531-2730-43F9-AB87-D33DB45F1353}.Release|Any CPU.Build.0 = Release|Any CPU
	EndGlobalSection
EndGlobal
